
Microsoft Visual Studio Solution File, Format Version 12.00
# Visual Studio Version 17
VisualStudioVersion = 17.6.33829.357
MinimumVisualStudioVersion = 10.0.40219.1
Project("{9A19103F-16F7-4668-BE54-9A1E7A4F7556}") = "EnglishTesterServer", "EnglishTesterServer\EnglishTesterServer.csproj", "{E4EA5232-6EE5-4AF6-B778-DB8622C40736}"
EndProject
Project("{9A19103F-16F7-4668-BE54-9A1E7A4F7556}") = "Sys", "libs\helpers\Sys.csproj", "{6FF331C7-C21A-48B5-9795-AF49119C5CA7}"
EndProject
Project("{9A19103F-16F7-4668-BE54-9A1E7A4F7556}") = "Connection", "libs\Connection\Connection.csproj", "{D237F50D-986B-489D-936B-7F103977848C}"
EndProject
Project("{FAE04EC0-301F-11D3-BF4B-00C04F79EFBC}") = "ControllersTest", "ControllersTest\ControllersTest.csproj", "{2E4997BC-92CC-4841-BC06-728CE57C372B}"
EndProject
Global
	GlobalSection(SolutionConfigurationPlatforms) = preSolution
		Debug|Any CPU = Debug|Any CPU
		Release|Any CPU = Release|Any CPU
	EndGlobalSection
	GlobalSection(ProjectConfigurationPlatforms) = postSolution
		{E4EA5232-6EE5-4AF6-B778-DB8622C40736}.Debug|Any CPU.ActiveCfg = Debug|Any CPU
		{E4EA5232-6EE5-4AF6-B778-DB8622C40736}.Debug|Any CPU.Build.0 = Debug|Any CPU
		{E4EA5232-6EE5-4AF6-B778-DB8622C40736}.Release|Any CPU.ActiveCfg = Release|Any CPU
		{E4EA5232-6EE5-4AF6-B778-DB8622C40736}.Release|Any CPU.Build.0 = Release|Any CPU
		{6FF331C7-C21A-48B5-9795-AF49119C5CA7}.Debug|Any CPU.ActiveCfg = Debug|Any CPU
		{6FF331C7-C21A-48B5-9795-AF49119C5CA7}.Debug|Any CPU.Build.0 = Debug|Any CPU
		{6FF331C7-C21A-48B5-9795-AF49119C5CA7}.Release|Any CPU.ActiveCfg = Release|Any CPU
		{6FF331C7-C21A-48B5-9795-AF49119C5CA7}.Release|Any CPU.Build.0 = Release|Any CPU
		{D237F50D-986B-489D-936B-7F103977848C}.Debug|Any CPU.ActiveCfg = Debug|Any CPU
		{D237F50D-986B-489D-936B-7F103977848C}.Debug|Any CPU.Build.0 = Debug|Any CPU
		{D237F50D-986B-489D-936B-7F103977848C}.Release|Any CPU.ActiveCfg = Release|Any CPU
		{D237F50D-986B-489D-936B-7F103977848C}.Release|Any CPU.Build.0 = Release|Any CPU
		{2E4997BC-92CC-4841-BC06-728CE57C372B}.Debug|Any CPU.ActiveCfg = Debug|Any CPU
		{2E4997BC-92CC-4841-BC06-728CE57C372B}.Debug|Any CPU.Build.0 = Debug|Any CPU
		{2E4997BC-92CC-4841-BC06-728CE57C372B}.Release|Any CPU.ActiveCfg = Release|Any CPU
		{2E4997BC-92CC-4841-BC06-728CE57C372B}.Release|Any CPU.Build.0 = Release|Any CPU
	EndGlobalSection
	GlobalSection(SolutionProperties) = preSolution
		HideSolutionNode = FALSE
	EndGlobalSection
	GlobalSection(ExtensibilityGlobals) = postSolution
		SolutionGuid = {6506D997-7A14-430C-A6A4-EFBDB041DEA6}
	EndGlobalSection
EndGlobal
